lockfileVersion: '6.0'

settings:
  autoInstallPeers: true
  excludeLinksFromLockfile: false

dependencies:
  rxjs:
    specifier: 8.0.0-alpha.14
    version: 8.0.0-alpha.14

packages:

  /rxjs@8.0.0-alpha.14:
    resolution: {integrity: sha512-oRCzFwbAMbo0+dVUeGUCCEf339mW7CESFvVDG3RTncD6yMtV2XoubFMpKEhBd2a9d04EpHl8QSz84/V/agG6bw==}
    dev: false
